
Microsoft Visual Studio Solution File, Format Version 12.00
# Visual Studio Version 17
VisualStudioVersion = 17.11.35219.272
MinimumVisualStudioVersion = 10.0.40219.1
Project("{FAE04EC0-301F-11D3-BF4B-00C04F79EFBC}") = "AttendanceSystem", "AttendanceSystem\AttendanceSystem.csproj", "{517E25B5-9F32-4836-8D70-52484C6FCF1D}"
EndProject
Global
	GlobalSection(SolutionConfigurationPlatforms) = preSolution
		Debug|Any CPU = Debug|Any CPU
		Release|Any CPU = Release|Any CPU
	EndGlobalSection
	GlobalSection(ProjectConfigurationPlatforms) = postSolution
		{517E25B5-9F32-4836-8D70-52484C6FCF1D}.Debug|Any CPU.ActiveCfg = Debug|Any CPU
		{517E25B5-9F32-4836-8D70-52484C6FCF1D}.Debug|Any CPU.Build.0 = Debug|Any CPU
		{517E25B5-9F32-4836-8D70-52484C6FCF1D}.Release|Any CPU.ActiveCfg = Release|Any CPU
		{517E25B5-9F32-4836-8D70-52484C6FCF1D}.Release|Any CPU.Build.0 = Release|Any CPU
	EndGlobalSection
	GlobalSection(SolutionProperties) = preSolution
		HideSolutionNode = FALSE
	EndGlobalSection
	GlobalSection(ExtensibilityGlobals) = postSolution
		SolutionGuid = {3A4BD1FE-F390-4906-BC8E-D3CF5B6FD44F}
	EndGlobalSection
EndGlobal
